
Microsoft Visual Studio Solution File, Format Version 12.00
# Visual Studio 14
VisualStudioVersion = 14.0.23107.0
MinimumVisualStudioVersion = 10.0.40219.1
Project("{2150E333-8FDC-42A3-9474-1A3956D46DE8}") = "Tests", "Tests", "{B90876EE-6D6A-4551-AF17-F59B44AA9872}"
EndProject
Project("{2150E333-8FDC-42A3-9474-1A3956D46DE8}") = "Library", "Library", "{F0FC216E-3345-4D49-9D0C-386A5DBB2B75}"
EndProject
Project("{FAE04EC0-301F-11D3-BF4B-00C04F79EFBC}") = "SlApi", "SlApi\SlApi.csproj", "{5EE29019-A346-4E4F-A031-D0D0A5C591AB}"
	ProjectSection(ProjectDependencies) = postProject
		{CD56740D-DBF1-4347-A5DF-924945DEEE62} = {CD56740D-DBF1-4347-A5DF-924945DEEE62}
		{D0C7F64C-4987-4D57-8E2A-DEB88F50DF2C} = {D0C7F64C-4987-4D57-8E2A-DEB88F50DF2C}
		{EA121252-0649-4D40-889E-8855380A0873} = {EA121252-0649-4D40-889E-8855380A0873}
		{283E4392-0EE6-4681-86C5-68017E313D49} = {283E4392-0EE6-4681-86C5-68017E313D49}
		{02519899-3509-4E72-8E33-E0401F396D31} = {02519899-3509-4E72-8E33-E0401F396D31}
	EndProjectSection
EndProject
Project("{FAE04EC0-301F-11D3-BF4B-00C04F79EFBC}") = "SlApi.Tests", "SlApi.Tests\SlApi.Tests.csproj", "{907C6F9E-5A47-4585-B71C-9E7FB0D7BCEE}"
	ProjectSection(ProjectDependencies) = postProject
		{5EE29019-A346-4E4F-A031-D0D0A5C591AB} = {5EE29019-A346-4E4F-A031-D0D0A5C591AB}
	EndProjectSection
EndProject
Project("{FAE04EC0-301F-11D3-BF4B-00C04F79EFBC}") = "SlApi.Net45", "SlApi.Net45\SlApi.Net45.csproj", "{EA121252-0649-4D40-889E-8855380A0873}"
EndProject
Project("{FAE04EC0-301F-11D3-BF4B-00C04F79EFBC}") = "SlApi.Net40", "SlApi.Net40\SlApi.Net40.csproj", "{D0C7F64C-4987-4D57-8E2A-DEB88F50DF2C}"
EndProject
Project("{FAE04EC0-301F-11D3-BF4B-00C04F79EFBC}") = "SlApi.Net46", "SlApi.Net46\SlApi.Net46.csproj", "{283E4392-0EE6-4681-86C5-68017E313D49}"
EndProject
Project("{FAE04EC0-301F-11D3-BF4B-00C04F79EFBC}") = "SlApi.Silverlight", "SlApi.Silverlight\SlApi.Silverlight.csproj", "{CD56740D-DBF1-4347-A5DF-924945DEEE62}"
EndProject
Project("{FAE04EC0-301F-11D3-BF4B-00C04F79EFBC}") = "SlApi.WindowsPhone8.1", "SlApi.WindowsPhone8.1\SlApi.WindowsPhone8.1.csproj", "{02519899-3509-4E72-8E33-E0401F396D31}"
EndProject
Project("{FAE04EC0-301F-11D3-BF4B-00C04F79EFBC}") = "SlApi.IntegrationTests46", "SlApi.IntegrationTests46\SlApi.IntegrationTests46.csproj", "{3315A23E-006A-453C-878B-6DCB0BB41D98}"
EndProject
Project("{FAE04EC0-301F-11D3-BF4B-00C04F79EFBC}") = "SlaApi.IntegrationTests45", "SlaApi.IntegrationTests45\SlaApi.IntegrationTests45.csproj", "{CF9BC0AE-FE1D-453B-88FB-830FAADA9806}"
EndProject
Global
	GlobalSection(SolutionConfigurationPlatforms) = preSolution
		Debug|Any CPU = Debug|Any CPU
		Debug|ARM = Debug|ARM
		Debug|Mixed Platforms = Debug|Mixed Platforms
		Debug|x64 = Debug|x64
		Debug|x86 = Debug|x86
		Release|Any CPU = Release|Any CPU
		Release|ARM = Release|ARM
		Release|Mixed Platforms = Release|Mixed Platforms
		Release|x64 = Release|x64
		Release|x86 = Release|x86
	EndGlobalSection
	GlobalSection(ProjectConfigurationPlatforms) = postSolution
		{5EE29019-A346-4E4F-A031-D0D0A5C591AB}.Debug|Any CPU.ActiveCfg = Debug|Any CPU
		{5EE29019-A346-4E4F-A031-D0D0A5C591AB}.Debug|Any CPU.Build.0 = Debug|Any CPU
		{5EE29019-A346-4E4F-A031-D0D0A5C591AB}.Debug|ARM.ActiveCfg = Debug|Any CPU
		{5EE29019-A346-4E4F-A031-D0D0A5C591AB}.Debug|ARM.Build.0 = Debug|Any CPU
		{5EE29019-A346-4E4F-A031-D0D0A5C591AB}.Debug|Mixed Platforms.ActiveCfg = Debug|Any CPU
		{5EE29019-A346-4E4F-A031-D0D0A5C591AB}.Debug|Mixed Platforms.Build.0 = Debug|Any CPU
		{5EE29019-A346-4E4F-A031-D0D0A5C591AB}.Debug|x64.ActiveCfg = Debug|Any CPU
		{5EE29019-A346-4E4F-A031-D0D0A5C591AB}.Debug|x64.Build.0 = Debug|Any CPU
		{5EE29019-A346-4E4F-A031-D0D0A5C591AB}.Debug|x86.ActiveCfg = Debug|Any CPU
		{5EE29019-A346-4E4F-A031-D0D0A5C591AB}.Debug|x86.Build.0 = Debug|Any CPU
		{5EE29019-A346-4E4F-A031-D0D0A5C591AB}.Release|Any CPU.ActiveCfg = Release|Any CPU
		{5EE29019-A346-4E4F-A031-D0D0A5C591AB}.Release|Any CPU.Build.0 = Release|Any CPU
		{5EE29019-A346-4E4F-A031-D0D0A5C591AB}.Release|ARM.ActiveCfg = Release|Any CPU
		{5EE29019-A346-4E4F-A031-D0D0A5C591AB}.Release|ARM.Build.0 = Release|Any CPU
		{5EE29019-A346-4E4F-A031-D0D0A5C591AB}.Release|Mixed Platforms.ActiveCfg = Release|Any CPU
		{5EE29019-A346-4E4F-A031-D0D0A5C591AB}.Release|Mixed Platforms.Build.0 = Release|Any CPU
		{5EE29019-A346-4E4F-A031-D0D0A5C591AB}.Release|x64.ActiveCfg = Release|Any CPU
		{5EE29019-A346-4E4F-A031-D0D0A5C591AB}.Release|x64.Build.0 = Release|Any CPU
		{5EE29019-A346-4E4F-A031-D0D0A5C591AB}.Release|x86.ActiveCfg = Release|Any CPU
		{5EE29019-A346-4E4F-A031-D0D0A5C591AB}.Release|x86.Build.0 = Release|Any CPU
		{907C6F9E-5A47-4585-B71C-9E7FB0D7BCEE}.Debug|Any CPU.ActiveCfg = Debug|Any CPU
		{907C6F9E-5A47-4585-B71C-9E7FB0D7BCEE}.Debug|Any CPU.Build.0 = Debug|Any CPU
		{907C6F9E-5A47-4585-B71C-9E7FB0D7BCEE}.Debug|ARM.ActiveCfg = Debug|Any CPU
		{907C6F9E-5A47-4585-B71C-9E7FB0D7BCEE}.Debug|ARM.Build.0 = Debug|Any CPU
		{907C6F9E-5A47-4585-B71C-9E7FB0D7BCEE}.Debug|Mixed Platforms.ActiveCfg = Debug|Any CPU
		{907C6F9E-5A47-4585-B71C-9E7FB0D7BCEE}.Debug|Mixed Platforms.Build.0 = Debug|Any CPU
		{907C6F9E-5A47-4585-B71C-9E7FB0D7BCEE}.Debug|x64.ActiveCfg = Debug|Any CPU
		{907C6F9E-5A47-4585-B71C-9E7FB0D7BCEE}.Debug|x64.Build.0 = Debug|Any CPU
		{907C6F9E-5A47-4585-B71C-9E7FB0D7BCEE}.Debug|x86.ActiveCfg = Debug|Any CPU
		{907C6F9E-5A47-4585-B71C-9E7FB0D7BCEE}.Debug|x86.Build.0 = Debug|Any CPU
		{907C6F9E-5A47-4585-B71C-9E7FB0D7BCEE}.Release|Any CPU.ActiveCfg = Release|Any CPU
		{907C6F9E-5A47-4585-B71C-9E7FB0D7BCEE}.Release|Any CPU.Build.0 = Release|Any CPU
		{907C6F9E-5A47-4585-B71C-9E7FB0D7BCEE}.Release|ARM.ActiveCfg = Release|Any CPU
		{907C6F9E-5A47-4585-B71C-9E7FB0D7BCEE}.Release|ARM.Build.0 = Release|Any CPU
		{907C6F9E-5A47-4585-B71C-9E7FB0D7BCEE}.Release|Mixed Platforms.ActiveCfg = Release|Any CPU
		{907C6F9E-5A47-4585-B71C-9E7FB0D7BCEE}.Release|Mixed Platforms.Build.0 = Release|Any CPU
		{907C6F9E-5A47-4585-B71C-9E7FB0D7BCEE}.Release|x64.ActiveCfg = Release|Any CPU
		{907C6F9E-5A47-4585-B71C-9E7FB0D7BCEE}.Release|x64.Build.0 = Release|Any CPU
		{907C6F9E-5A47-4585-B71C-9E7FB0D7BCEE}.Release|x86.ActiveCfg = Release|Any CPU
		{907C6F9E-5A47-4585-B71C-9E7FB0D7BCEE}.Release|x86.Build.0 = Release|Any CPU
		{EA121252-0649-4D40-889E-8855380A0873}.Debug|Any CPU.ActiveCfg = Debug|Any CPU
		{EA121252-0649-4D40-889E-8855380A0873}.Debug|Any CPU.Build.0 = Debug|Any CPU
		{EA121252-0649-4D40-889E-8855380A0873}.Debug|ARM.ActiveCfg = Debug|Any CPU
		{EA121252-0649-4D40-889E-8855380A0873}.Debug|ARM.Build.0 = Debug|Any CPU
		{EA121252-0649-4D40-889E-8855380A0873}.Debug|Mixed Platforms.ActiveCfg = Debug|Any CPU
		{EA121252-0649-4D40-889E-8855380A0873}.Debug|Mixed Platforms.Build.0 = Debug|Any CPU
		{EA121252-0649-4D40-889E-8855380A0873}.Debug|x64.ActiveCfg = Debug|Any CPU
		{EA121252-0649-4D40-889E-8855380A0873}.Debug|x64.Build.0 = Debug|Any CPU
		{EA121252-0649-4D40-889E-8855380A0873}.Debug|x86.ActiveCfg = Debug|Any CPU
		{EA121252-0649-4D40-889E-8855380A0873}.Debug|x86.Build.0 = Debug|Any CPU
		{EA121252-0649-4D40-889E-8855380A0873}.Release|Any CPU.ActiveCfg = Release|Any CPU
		{EA121252-0649-4D40-889E-8855380A0873}.Release|Any CPU.Build.0 = Release|Any CPU
		{EA121252-0649-4D40-889E-8855380A0873}.Release|ARM.ActiveCfg = Release|Any CPU
		{EA121252-0649-4D40-889E-8855380A0873}.Release|ARM.Build.0 = Release|Any CPU
		{EA121252-0649-4D40-889E-8855380A0873}.Release|Mixed Platforms.ActiveCfg = Release|Any CPU
		{EA121252-0649-4D40-889E-8855380A0873}.Release|Mixed Platforms.Build.0 = Release|Any CPU
		{EA121252-0649-4D40-889E-8855380A0873}.Release|x64.ActiveCfg = Release|Any CPU
		{EA121252-0649-4D40-889E-8855380A0873}.Release|x64.Build.0 = Release|Any CPU
		{EA121252-0649-4D40-889E-8855380A0873}.Release|x86.ActiveCfg = Release|Any CPU
		{EA121252-0649-4D40-889E-8855380A0873}.Release|x86.Build.0 = Release|Any CPU
		{D0C7F64C-4987-4D57-8E2A-DEB88F50DF2C}.Debug|Any CPU.ActiveCfg = Debug|Any CPU
		{D0C7F64C-4987-4D57-8E2A-DEB88F50DF2C}.Debug|Any CPU.Build.0 = Debug|Any CPU
		{D0C7F64C-4987-4D57-8E2A-DEB88F50DF2C}.Debug|ARM.ActiveCfg = Debug|Any CPU
		{D0C7F64C-4987-4D57-8E2A-DEB88F50DF2C}.Debug|ARM.Build.0 = Debug|Any CPU
		{D0C7F64C-4987-4D57-8E2A-DEB88F50DF2C}.Debug|Mixed Platforms.ActiveCfg = Debug|Any CPU
		{D0C7F64C-4987-4D57-8E2A-DEB88F50DF2C}.Debug|Mixed Platforms.Build.0 = Debug|Any CPU
		{D0C7F64C-4987-4D57-8E2A-DEB88F50DF2C}.Debug|x64.ActiveCfg = Debug|Any CPU
		{D0C7F64C-4987-4D57-8E2A-DEB88F50DF2C}.Debug|x64.Build.0 = Debug|Any CPU
		{D0C7F64C-4987-4D57-8E2A-DEB88F50DF2C}.Debug|x86.ActiveCfg = Debug|Any CPU
		{D0C7F64C-4987-4D57-8E2A-DEB88F50DF2C}.Debug|x86.Build.0 = Debug|Any CPU
		{D0C7F64C-4987-4D57-8E2A-DEB88F50DF2C}.Release|Any CPU.ActiveCfg = Release|Any CPU
		{D0C7F64C-4987-4D57-8E2A-DEB88F50DF2C}.Release|Any CPU.Build.0 = Release|Any CPU
		{D0C7F64C-4987-4D57-8E2A-DEB88F50DF2C}.Release|ARM.ActiveCfg = Release|Any CPU
		{D0C7F64C-4987-4D57-8E2A-DEB88F50DF2C}.Release|ARM.Build.0 = Release|Any CPU
		{D0C7F64C-4987-4D57-8E2A-DEB88F50DF2C}.Release|Mixed Platforms.ActiveCfg = Release|Any CPU
		{D0C7F64C-4987-4D57-8E2A-DEB88F50DF2C}.Release|Mixed Platforms.Build.0 = Release|Any CPU
		{D0C7F64C-4987-4D57-8E2A-DEB88F50DF2C}.Release|x64.ActiveCfg = Release|Any CPU
		{D0C7F64C-4987-4D57-8E2A-DEB88F50DF2C}.Release|x64.Build.0 = Release|Any CPU
		{D0C7F64C-4987-4D57-8E2A-DEB88F50DF2C}.Release|x86.ActiveCfg = Release|Any CPU
		{D0C7F64C-4987-4D57-8E2A-DEB88F50DF2C}.Release|x86.Build.0 = Release|Any CPU
		{283E4392-0EE6-4681-86C5-68017E313D49}.Debug|Any CPU.ActiveCfg = Debug|Any CPU
		{283E4392-0EE6-4681-86C5-68017E313D49}.Debug|Any CPU.Build.0 = Debug|Any CPU
		{283E4392-0EE6-4681-86C5-68017E313D49}.Debug|ARM.ActiveCfg = Debug|Any CPU
		{283E4392-0EE6-4681-86C5-68017E313D49}.Debug|ARM.Build.0 = Debug|Any CPU
		{283E4392-0EE6-4681-86C5-68017E313D49}.Debug|Mixed Platforms.ActiveCfg = Debug|Any CPU
		{283E4392-0EE6-4681-86C5-68017E313D49}.Debug|Mixed Platforms.Build.0 = Debug|Any CPU
		{283E4392-0EE6-4681-86C5-68017E313D49}.Debug|x64.ActiveCfg = Debug|Any CPU
		{283E4392-0EE6-4681-86C5-68017E313D49}.Debug|x64.Build.0 = Debug|Any CPU
		{283E4392-0EE6-4681-86C5-68017E313D49}.Debug|x86.ActiveCfg = Debug|Any CPU
		{283E4392-0EE6-4681-86C5-68017E313D49}.Debug|x86.Build.0 = Debug|Any CPU
		{283E4392-0EE6-4681-86C5-68017E313D49}.Release|Any CPU.ActiveCfg = Release|Any CPU
		{283E4392-0EE6-4681-86C5-68017E313D49}.Release|Any CPU.Build.0 = Release|Any CPU
		{283E4392-0EE6-4681-86C5-68017E313D49}.Release|ARM.ActiveCfg = Release|Any CPU
		{283E4392-0EE6-4681-86C5-68017E313D49}.Release|ARM.Build.0 = Release|Any CPU
		{283E4392-0EE6-4681-86C5-68017E313D49}.Release|Mixed Platforms.ActiveCfg = Release|Any CPU
		{283E4392-0EE6-4681-86C5-68017E313D49}.Release|Mixed Platforms.Build.0 = Release|Any CPU
		{283E4392-0EE6-4681-86C5-68017E313D49}.Release|x64.ActiveCfg = Release|Any CPU
		{283E4392-0EE6-4681-86C5-68017E313D49}.Release|x64.Build.0 = Release|Any CPU
		{283E4392-0EE6-4681-86C5-68017E313D49}.Release|x86.ActiveCfg = Release|Any CPU
		{283E4392-0EE6-4681-86C5-68017E313D49}.Release|x86.Build.0 = Release|Any CPU
		{CD56740D-DBF1-4347-A5DF-924945DEEE62}.Debug|Any CPU.ActiveCfg = Debug|Any CPU
		{CD56740D-DBF1-4347-A5DF-924945DEEE62}.Debug|Any CPU.Build.0 = Debug|Any CPU
		{CD56740D-DBF1-4347-A5DF-924945DEEE62}.Debug|ARM.ActiveCfg = Debug|Any CPU
		{CD56740D-DBF1-4347-A5DF-924945DEEE62}.Debug|ARM.Build.0 = Debug|Any CPU
		{CD56740D-DBF1-4347-A5DF-924945DEEE62}.Debug|Mixed Platforms.ActiveCfg = Debug|Any CPU
		{CD56740D-DBF1-4347-A5DF-924945DEEE62}.Debug|Mixed Platforms.Build.0 = Debug|Any CPU
		{CD56740D-DBF1-4347-A5DF-924945DEEE62}.Debug|x64.ActiveCfg = Debug|Any CPU
		{CD56740D-DBF1-4347-A5DF-924945DEEE62}.Debug|x64.Build.0 = Debug|Any CPU
		{CD56740D-DBF1-4347-A5DF-924945DEEE62}.Debug|x86.ActiveCfg = Debug|Any CPU
		{CD56740D-DBF1-4347-A5DF-924945DEEE62}.Debug|x86.Build.0 = Debug|Any CPU
		{CD56740D-DBF1-4347-A5DF-924945DEEE62}.Release|Any CPU.ActiveCfg = Release|Any CPU
		{CD56740D-DBF1-4347-A5DF-924945DEEE62}.Release|Any CPU.Build.0 = Release|Any CPU
		{CD56740D-DBF1-4347-A5DF-924945DEEE62}.Release|ARM.ActiveCfg = Release|Any CPU
		{CD56740D-DBF1-4347-A5DF-924945DEEE62}.Release|ARM.Build.0 = Release|Any CPU
		{CD56740D-DBF1-4347-A5DF-924945DEEE62}.Release|Mixed Platforms.ActiveCfg = Release|Any CPU
		{CD56740D-DBF1-4347-A5DF-924945DEEE62}.Release|Mixed Platforms.Build.0 = Release|Any CPU
		{CD56740D-DBF1-4347-A5DF-924945DEEE62}.Release|x64.ActiveCfg = Release|Any CPU
		{CD56740D-DBF1-4347-A5DF-924945DEEE62}.Release|x64.Build.0 = Release|Any CPU
		{CD56740D-DBF1-4347-A5DF-924945DEEE62}.Release|x86.ActiveCfg = Release|Any CPU
		{CD56740D-DBF1-4347-A5DF-924945DEEE62}.Release|x86.Build.0 = Release|Any CPU
		{02519899-3509-4E72-8E33-E0401F396D31}.Debug|Any CPU.ActiveCfg = Debug|Any CPU
		{02519899-3509-4E72-8E33-E0401F396D31}.Debug|Any CPU.Build.0 = Debug|Any CPU
		{02519899-3509-4E72-8E33-E0401F396D31}.Debug|ARM.ActiveCfg = Debug|ARM
		{02519899-3509-4E72-8E33-E0401F396D31}.Debug|ARM.Build.0 = Debug|ARM
		{02519899-3509-4E72-8E33-E0401F396D31}.Debug|Mixed Platforms.ActiveCfg = Debug|Any CPU
		{02519899-3509-4E72-8E33-E0401F396D31}.Debug|Mixed Platforms.Build.0 = Debug|Any CPU
		{02519899-3509-4E72-8E33-E0401F396D31}.Debug|x64.ActiveCfg = Debug|Any CPU
		{02519899-3509-4E72-8E33-E0401F396D31}.Debug|x64.Build.0 = Debug|Any CPU
		{02519899-3509-4E72-8E33-E0401F396D31}.Debug|x86.ActiveCfg = Debug|x86
		{02519899-3509-4E72-8E33-E0401F396D31}.Debug|x86.Build.0 = Debug|x86
		{02519899-3509-4E72-8E33-E0401F396D31}.Release|Any CPU.ActiveCfg = Release|Any CPU
		{02519899-3509-4E72-8E33-E0401F396D31}.Release|Any CPU.Build.0 = Release|Any CPU
		{02519899-3509-4E72-8E33-E0401F396D31}.Release|ARM.ActiveCfg = Release|ARM
		{02519899-3509-4E72-8E33-E0401F396D31}.Release|ARM.Build.0 = Release|ARM
		{02519899-3509-4E72-8E33-E0401F396D31}.Release|Mixed Platforms.ActiveCfg = Release|Any CPU
		{02519899-3509-4E72-8E33-E0401F396D31}.Release|Mixed Platforms.Build.0 = Release|Any CPU
		{02519899-3509-4E72-8E33-E0401F396D31}.Release|x64.ActiveCfg = Release|Any CPU
		{02519899-3509-4E72-8E33-E0401F396D31}.Release|x64.Build.0 = Release|Any CPU
		{02519899-3509-4E72-8E33-E0401F396D31}.Release|x86.ActiveCfg = Release|x86
		{02519899-3509-4E72-8E33-E0401F396D31}.Release|x86.Build.0 = Release|x86
		{3315A23E-006A-453C-878B-6DCB0BB41D98}.Debug|Any CPU.ActiveCfg = Debug|Any CPU
		{3315A23E-006A-453C-878B-6DCB0BB41D98}.Debug|Any CPU.Build.0 = Debug|Any CPU
		{3315A23E-006A-453C-878B-6DCB0BB41D98}.Debug|ARM.ActiveCfg = Debug|Any CPU
		{3315A23E-006A-453C-878B-6DCB0BB41D98}.Debug|ARM.Build.0 = Debug|Any CPU
		{3315A23E-006A-453C-878B-6DCB0BB41D98}.Debug|Mixed Platforms.ActiveCfg = Debug|Any CPU
		{3315A23E-006A-453C-878B-6DCB0BB41D98}.Debug|Mixed Platforms.Build.0 = Debug|Any CPU
		{3315A23E-006A-453C-878B-6DCB0BB41D98}.Debug|x64.ActiveCfg = Debug|Any CPU
		{3315A23E-006A-453C-878B-6DCB0BB41D98}.Debug|x64.Build.0 = Debug|Any CPU
		{3315A23E-006A-453C-878B-6DCB0BB41D98}.Debug|x86.ActiveCfg = Debug|Any CPU
		{3315A23E-006A-453C-878B-6DCB0BB41D98}.Debug|x86.Build.0 = Debug|Any CPU
		{3315A23E-006A-453C-878B-6DCB0BB41D98}.Release|Any CPU.ActiveCfg = Release|Any CPU
		{3315A23E-006A-453C-878B-6DCB0BB41D98}.Release|Any CPU.Build.0 = Release|Any CPU
		{3315A23E-006A-453C-878B-6DCB0BB41D98}.Release|ARM.ActiveCfg = Release|Any CPU
		{3315A23E-006A-453C-878B-6DCB0BB41D98}.Release|ARM.Build.0 = Release|Any CPU
		{3315A23E-006A-453C-878B-6DCB0BB41D98}.Release|Mixed Platforms.ActiveCfg = Release|Any CPU
		{3315A23E-006A-453C-878B-6DCB0BB41D98}.Release|Mixed Platforms.Build.0 = Release|Any CPU
		{3315A23E-006A-453C-878B-6DCB0BB41D98}.Release|x64.ActiveCfg = Release|Any CPU
		{3315A23E-006A-453C-878B-6DCB0BB41D98}.Release|x64.Build.0 = Release|Any CPU
		{3315A23E-006A-453C-878B-6DCB0BB41D98}.Release|x86.ActiveCfg = Release|Any CPU
		{3315A23E-006A-453C-878B-6DCB0BB41D98}.Release|x86.Build.0 = Release|Any CPU
		{CF9BC0AE-FE1D-453B-88FB-830FAADA9806}.Debug|Any CPU.ActiveCfg = Debug|Any CPU
		{CF9BC0AE-FE1D-453B-88FB-830FAADA9806}.Debug|Any CPU.Build.0 = Debug|Any CPU
		{CF9BC0AE-FE1D-453B-88FB-830FAADA9806}.Debug|ARM.ActiveCfg = Debug|Any CPU
		{CF9BC0AE-FE1D-453B-88FB-830FAADA9806}.Debug|ARM.Build.0 = Debug|Any CPU
		{CF9BC0AE-FE1D-453B-88FB-830FAADA9806}.Debug|Mixed Platforms.ActiveCfg = Debug|Any CPU
		{CF9BC0AE-FE1D-453B-88FB-830FAADA9806}.Debug|Mixed Platforms.Build.0 = Debug|Any CPU
		{CF9BC0AE-FE1D-453B-88FB-830FAADA9806}.Debug|x64.ActiveCfg = Debug|Any CPU
		{CF9BC0AE-FE1D-453B-88FB-830FAADA9806}.Debug|x64.Build.0 = Debug|Any CPU
		{CF9BC0AE-FE1D-453B-88FB-830FAADA9806}.Debug|x86.ActiveCfg = Debug|Any CPU
		{CF9BC0AE-FE1D-453B-88FB-830FAADA9806}.Debug|x86.Build.0 = Debug|Any CPU
		{CF9BC0AE-FE1D-453B-88FB-830FAADA9806}.Release|Any CPU.ActiveCfg = Release|Any CPU
		{CF9BC0AE-FE1D-453B-88FB-830FAADA9806}.Release|Any CPU.Build.0 = Release|Any CPU
		{CF9BC0AE-FE1D-453B-88FB-830FAADA9806}.Release|ARM.ActiveCfg = Release|Any CPU
		{CF9BC0AE-FE1D-453B-88FB-830FAADA9806}.Release|ARM.Build.0 = Release|Any CPU
		{CF9BC0AE-FE1D-453B-88FB-830FAADA9806}.Release|Mixed Platforms.ActiveCfg = Release|Any CPU
		{CF9BC0AE-FE1D-453B-88FB-830FAADA9806}.Release|Mixed Platforms.Build.0 = Release|Any CPU
		{CF9BC0AE-FE1D-453B-88FB-830FAADA9806}.Release|x64.ActiveCfg = Release|Any CPU
		{CF9BC0AE-FE1D-453B-88FB-830FAADA9806}.Release|x64.Build.0 = Release|Any CPU
		{CF9BC0AE-FE1D-453B-88FB-830FAADA9806}.Release|x86.ActiveCfg = Release|Any CPU
		{CF9BC0AE-FE1D-453B-88FB-830FAADA9806}.Release|x86.Build.0 = Release|Any CPU
	EndGlobalSection
	GlobalSection(SolutionProperties) = preSolution
		HideSolutionNode = FALSE
	EndGlobalSection
	GlobalSection(NestedProjects) = preSolution
		{5EE29019-A346-4E4F-A031-D0D0A5C591AB} = {F0FC216E-3345-4D49-9D0C-386A5DBB2B75}
		{907C6F9E-5A47-4585-B71C-9E7FB0D7BCEE} = {B90876EE-6D6A-4551-AF17-F59B44AA9872}
		{EA121252-0649-4D40-889E-8855380A0873} = {F0FC216E-3345-4D49-9D0C-386A5DBB2B75}
		{D0C7F64C-4987-4D57-8E2A-DEB88F50DF2C} = {F0FC216E-3345-4D49-9D0C-386A5DBB2B75}
		{283E4392-0EE6-4681-86C5-68017E313D49} = {F0FC216E-3345-4D49-9D0C-386A5DBB2B75}
		{CD56740D-DBF1-4347-A5DF-924945DEEE62} = {F0FC216E-3345-4D49-9D0C-386A5DBB2B75}
		{02519899-3509-4E72-8E33-E0401F396D31} = {F0FC216E-3345-4D49-9D0C-386A5DBB2B75}
		{3315A23E-006A-453C-878B-6DCB0BB41D98} = {B90876EE-6D6A-4551-AF17-F59B44AA9872}
		{CF9BC0AE-FE1D-453B-88FB-830FAADA9806} = {B90876EE-6D6A-4551-AF17-F59B44AA9872}
	EndGlobalSection
EndGlobal
