
Microsoft Visual Studio Solution File, Format Version 12.00
# Visual Studio 14
VisualStudioVersion = 14.0.23107.0
MinimumVisualStudioVersion = 10.0.40219.1
Project("{FAE04EC0-301F-11D3-BF4B-00C04F79EFBC}") = "SlApi.Tests", "SlApi.Tests\SlApi.Tests.csproj", "{D3B06A06-101A-4366-9AAE-62CBD331226C}"
EndProject
Project("{2150E333-8FDC-42A3-9474-1A3956D46DE8}") = "Tests", "Tests", "{B90876EE-6D6A-4551-AF17-F59B44AA9872}"
EndProject
Project("{2150E333-8FDC-42A3-9474-1A3956D46DE8}") = "Library", "Library", "{F0FC216E-3345-4D49-9D0C-386A5DBB2B75}"
EndProject
Project("{FAE04EC0-301F-11D3-BF4B-00C04F79EFBC}") = "SlApi", "SlApi\SlApi.csproj", "{5EE29019-A346-4E4F-A031-D0D0A5C591AB}"
EndProject
Project("{FAE04EC0-301F-11D3-BF4B-00C04F79EFBC}") = "SlApi.General", "SlApi.General\SlApi.General.csproj", "{E0BBBF85-F307-4F1B-B051-DC0FA9D843EA}"
EndProject
Global
	GlobalSection(SolutionConfigurationPlatforms) = preSolution
		Debug|Any CPU = Debug|Any CPU
		Debug|ARM = Debug|ARM
		Debug|Mixed Platforms = Debug|Mixed Platforms
		Debug|x64 = Debug|x64
		Debug|x86 = Debug|x86
		NET40|Any CPU = NET40|Any CPU
		NET40|ARM = NET40|ARM
		NET40|Mixed Platforms = NET40|Mixed Platforms
		NET40|x64 = NET40|x64
		NET40|x86 = NET40|x86
		PackageRelease|Any CPU = PackageRelease|Any CPU
		PackageRelease|ARM = PackageRelease|ARM
		PackageRelease|Mixed Platforms = PackageRelease|Mixed Platforms
		PackageRelease|x64 = PackageRelease|x64
		PackageRelease|x86 = PackageRelease|x86
		Release|Any CPU = Release|Any CPU
		Release|ARM = Release|ARM
		Release|Mixed Platforms = Release|Mixed Platforms
		Release|x64 = Release|x64
		Release|x86 = Release|x86
	EndGlobalSection
	GlobalSection(ProjectConfigurationPlatforms) = postSolution
		{D3B06A06-101A-4366-9AAE-62CBD331226C}.Debug|Any CPU.ActiveCfg = Debug|Any CPU
		{D3B06A06-101A-4366-9AAE-62CBD331226C}.Debug|Any CPU.Build.0 = Debug|Any CPU
		{D3B06A06-101A-4366-9AAE-62CBD331226C}.Debug|ARM.ActiveCfg = Debug|Any CPU
		{D3B06A06-101A-4366-9AAE-62CBD331226C}.Debug|ARM.Build.0 = Debug|Any CPU
		{D3B06A06-101A-4366-9AAE-62CBD331226C}.Debug|Mixed Platforms.ActiveCfg = Debug|Any CPU
		{D3B06A06-101A-4366-9AAE-62CBD331226C}.Debug|Mixed Platforms.Build.0 = Debug|Any CPU
		{D3B06A06-101A-4366-9AAE-62CBD331226C}.Debug|x64.ActiveCfg = Debug|Any CPU
		{D3B06A06-101A-4366-9AAE-62CBD331226C}.Debug|x64.Build.0 = Debug|Any CPU
		{D3B06A06-101A-4366-9AAE-62CBD331226C}.Debug|x86.ActiveCfg = Debug|Any CPU
		{D3B06A06-101A-4366-9AAE-62CBD331226C}.Debug|x86.Build.0 = Debug|Any CPU
		{D3B06A06-101A-4366-9AAE-62CBD331226C}.NET40|Any CPU.ActiveCfg = PackageRelease|Any CPU
		{D3B06A06-101A-4366-9AAE-62CBD331226C}.NET40|ARM.ActiveCfg = PackageRelease|Any CPU
		{D3B06A06-101A-4366-9AAE-62CBD331226C}.NET40|Mixed Platforms.ActiveCfg = PackageRelease|Any CPU
		{D3B06A06-101A-4366-9AAE-62CBD331226C}.NET40|x64.ActiveCfg = PackageRelease|Any CPU
		{D3B06A06-101A-4366-9AAE-62CBD331226C}.NET40|x86.ActiveCfg = PackageRelease|Any CPU
		{D3B06A06-101A-4366-9AAE-62CBD331226C}.PackageRelease|Any CPU.ActiveCfg = Release|Any CPU
		{D3B06A06-101A-4366-9AAE-62CBD331226C}.PackageRelease|Any CPU.Build.0 = Release|Any CPU
		{D3B06A06-101A-4366-9AAE-62CBD331226C}.PackageRelease|ARM.ActiveCfg = Release|Any CPU
		{D3B06A06-101A-4366-9AAE-62CBD331226C}.PackageRelease|ARM.Build.0 = Release|Any CPU
		{D3B06A06-101A-4366-9AAE-62CBD331226C}.PackageRelease|Mixed Platforms.ActiveCfg = PackageRelease|Any CPU
		{D3B06A06-101A-4366-9AAE-62CBD331226C}.PackageRelease|Mixed Platforms.Build.0 = PackageRelease|Any CPU
		{D3B06A06-101A-4366-9AAE-62CBD331226C}.PackageRelease|x64.ActiveCfg = Release|Any CPU
		{D3B06A06-101A-4366-9AAE-62CBD331226C}.PackageRelease|x64.Build.0 = Release|Any CPU
		{D3B06A06-101A-4366-9AAE-62CBD331226C}.PackageRelease|x86.ActiveCfg = Release|Any CPU
		{D3B06A06-101A-4366-9AAE-62CBD331226C}.PackageRelease|x86.Build.0 = Release|Any CPU
		{D3B06A06-101A-4366-9AAE-62CBD331226C}.Release|Any CPU.ActiveCfg = Release|Any CPU
		{D3B06A06-101A-4366-9AAE-62CBD331226C}.Release|Any CPU.Build.0 = Release|Any CPU
		{D3B06A06-101A-4366-9AAE-62CBD331226C}.Release|ARM.ActiveCfg = Release|Any CPU
		{D3B06A06-101A-4366-9AAE-62CBD331226C}.Release|ARM.Build.0 = Release|Any CPU
		{D3B06A06-101A-4366-9AAE-62CBD331226C}.Release|Mixed Platforms.ActiveCfg = Release|Any CPU
		{D3B06A06-101A-4366-9AAE-62CBD331226C}.Release|Mixed Platforms.Build.0 = Release|Any CPU
		{D3B06A06-101A-4366-9AAE-62CBD331226C}.Release|x64.ActiveCfg = Release|Any CPU
		{D3B06A06-101A-4366-9AAE-62CBD331226C}.Release|x64.Build.0 = Release|Any CPU
		{D3B06A06-101A-4366-9AAE-62CBD331226C}.Release|x86.ActiveCfg = Release|Any CPU
		{D3B06A06-101A-4366-9AAE-62CBD331226C}.Release|x86.Build.0 = Release|Any CPU
		{5EE29019-A346-4E4F-A031-D0D0A5C591AB}.Debug|Any CPU.ActiveCfg = Debug|Any CPU
		{5EE29019-A346-4E4F-A031-D0D0A5C591AB}.Debug|Any CPU.Build.0 = Debug|Any CPU
		{5EE29019-A346-4E4F-A031-D0D0A5C591AB}.Debug|ARM.ActiveCfg = Debug|Any CPU
		{5EE29019-A346-4E4F-A031-D0D0A5C591AB}.Debug|ARM.Build.0 = Debug|Any CPU
		{5EE29019-A346-4E4F-A031-D0D0A5C591AB}.Debug|Mixed Platforms.ActiveCfg = Debug|Any CPU
		{5EE29019-A346-4E4F-A031-D0D0A5C591AB}.Debug|Mixed Platforms.Build.0 = Debug|Any CPU
		{5EE29019-A346-4E4F-A031-D0D0A5C591AB}.Debug|x64.ActiveCfg = Debug|Any CPU
		{5EE29019-A346-4E4F-A031-D0D0A5C591AB}.Debug|x64.Build.0 = Debug|Any CPU
		{5EE29019-A346-4E4F-A031-D0D0A5C591AB}.Debug|x86.ActiveCfg = Debug|Any CPU
		{5EE29019-A346-4E4F-A031-D0D0A5C591AB}.Debug|x86.Build.0 = Debug|Any CPU
		{5EE29019-A346-4E4F-A031-D0D0A5C591AB}.NET40|Any CPU.ActiveCfg = NET40|Any CPU
		{5EE29019-A346-4E4F-A031-D0D0A5C591AB}.NET40|Any CPU.Build.0 = NET40|Any CPU
		{5EE29019-A346-4E4F-A031-D0D0A5C591AB}.NET40|ARM.ActiveCfg = NET40|Any CPU
		{5EE29019-A346-4E4F-A031-D0D0A5C591AB}.NET40|ARM.Build.0 = NET40|Any CPU
		{5EE29019-A346-4E4F-A031-D0D0A5C591AB}.NET40|Mixed Platforms.ActiveCfg = NET40|Any CPU
		{5EE29019-A346-4E4F-A031-D0D0A5C591AB}.NET40|Mixed Platforms.Build.0 = NET40|Any CPU
		{5EE29019-A346-4E4F-A031-D0D0A5C591AB}.NET40|x64.ActiveCfg = NET40|Any CPU
		{5EE29019-A346-4E4F-A031-D0D0A5C591AB}.NET40|x64.Build.0 = NET40|Any CPU
		{5EE29019-A346-4E4F-A031-D0D0A5C591AB}.NET40|x86.ActiveCfg = NET40|Any CPU
		{5EE29019-A346-4E4F-A031-D0D0A5C591AB}.NET40|x86.Build.0 = NET40|Any CPU
		{5EE29019-A346-4E4F-A031-D0D0A5C591AB}.PackageRelease|Any CPU.ActiveCfg = Release|Any CPU
		{5EE29019-A346-4E4F-A031-D0D0A5C591AB}.PackageRelease|Any CPU.Build.0 = Release|Any CPU
		{5EE29019-A346-4E4F-A031-D0D0A5C591AB}.PackageRelease|ARM.ActiveCfg = Release|Any CPU
		{5EE29019-A346-4E4F-A031-D0D0A5C591AB}.PackageRelease|ARM.Build.0 = Release|Any CPU
		{5EE29019-A346-4E4F-A031-D0D0A5C591AB}.PackageRelease|Mixed Platforms.ActiveCfg = PackageRelease|Any CPU
		{5EE29019-A346-4E4F-A031-D0D0A5C591AB}.PackageRelease|Mixed Platforms.Build.0 = PackageRelease|Any CPU
		{5EE29019-A346-4E4F-A031-D0D0A5C591AB}.PackageRelease|x64.ActiveCfg = Release|Any CPU
		{5EE29019-A346-4E4F-A031-D0D0A5C591AB}.PackageRelease|x64.Build.0 = Release|Any CPU
		{5EE29019-A346-4E4F-A031-D0D0A5C591AB}.PackageRelease|x86.ActiveCfg = Release|Any CPU
		{5EE29019-A346-4E4F-A031-D0D0A5C591AB}.PackageRelease|x86.Build.0 = Release|Any CPU
		{5EE29019-A346-4E4F-A031-D0D0A5C591AB}.Release|Any CPU.ActiveCfg = Release|Any CPU
		{5EE29019-A346-4E4F-A031-D0D0A5C591AB}.Release|Any CPU.Build.0 = Release|Any CPU
		{5EE29019-A346-4E4F-A031-D0D0A5C591AB}.Release|ARM.ActiveCfg = Release|Any CPU
		{5EE29019-A346-4E4F-A031-D0D0A5C591AB}.Release|ARM.Build.0 = Release|Any CPU
		{5EE29019-A346-4E4F-A031-D0D0A5C591AB}.Release|Mixed Platforms.ActiveCfg = Release|Any CPU
		{5EE29019-A346-4E4F-A031-D0D0A5C591AB}.Release|Mixed Platforms.Build.0 = Release|Any CPU
		{5EE29019-A346-4E4F-A031-D0D0A5C591AB}.Release|x64.ActiveCfg = Release|Any CPU
		{5EE29019-A346-4E4F-A031-D0D0A5C591AB}.Release|x64.Build.0 = Release|Any CPU
		{5EE29019-A346-4E4F-A031-D0D0A5C591AB}.Release|x86.ActiveCfg = Release|Any CPU
		{5EE29019-A346-4E4F-A031-D0D0A5C591AB}.Release|x86.Build.0 = Release|Any CPU
		{E0BBBF85-F307-4F1B-B051-DC0FA9D843EA}.Debug|Any CPU.ActiveCfg = Debug|Any CPU
		{E0BBBF85-F307-4F1B-B051-DC0FA9D843EA}.Debug|Any CPU.Build.0 = Debug|Any CPU
		{E0BBBF85-F307-4F1B-B051-DC0FA9D843EA}.Debug|ARM.ActiveCfg = Debug|Any CPU
		{E0BBBF85-F307-4F1B-B051-DC0FA9D843EA}.Debug|ARM.Build.0 = Debug|Any CPU
		{E0BBBF85-F307-4F1B-B051-DC0FA9D843EA}.Debug|Mixed Platforms.ActiveCfg = Debug|Any CPU
		{E0BBBF85-F307-4F1B-B051-DC0FA9D843EA}.Debug|Mixed Platforms.Build.0 = Debug|Any CPU
		{E0BBBF85-F307-4F1B-B051-DC0FA9D843EA}.Debug|x64.ActiveCfg = Debug|Any CPU
		{E0BBBF85-F307-4F1B-B051-DC0FA9D843EA}.Debug|x64.Build.0 = Debug|Any CPU
		{E0BBBF85-F307-4F1B-B051-DC0FA9D843EA}.Debug|x86.ActiveCfg = Debug|Any CPU
		{E0BBBF85-F307-4F1B-B051-DC0FA9D843EA}.Debug|x86.Build.0 = Debug|Any CPU
		{E0BBBF85-F307-4F1B-B051-DC0FA9D843EA}.NET40|Any CPU.ActiveCfg = NET40|Any CPU
		{E0BBBF85-F307-4F1B-B051-DC0FA9D843EA}.NET40|Any CPU.Build.0 = NET40|Any CPU
		{E0BBBF85-F307-4F1B-B051-DC0FA9D843EA}.NET40|ARM.ActiveCfg = NET40|Any CPU
		{E0BBBF85-F307-4F1B-B051-DC0FA9D843EA}.NET40|ARM.Build.0 = NET40|Any CPU
		{E0BBBF85-F307-4F1B-B051-DC0FA9D843EA}.NET40|Mixed Platforms.ActiveCfg = NET40|Any CPU
		{E0BBBF85-F307-4F1B-B051-DC0FA9D843EA}.NET40|Mixed Platforms.Build.0 = NET40|Any CPU
		{E0BBBF85-F307-4F1B-B051-DC0FA9D843EA}.NET40|x64.ActiveCfg = NET40|Any CPU
		{E0BBBF85-F307-4F1B-B051-DC0FA9D843EA}.NET40|x64.Build.0 = NET40|Any CPU
		{E0BBBF85-F307-4F1B-B051-DC0FA9D843EA}.NET40|x86.ActiveCfg = NET40|Any CPU
		{E0BBBF85-F307-4F1B-B051-DC0FA9D843EA}.NET40|x86.Build.0 = NET40|Any CPU
		{E0BBBF85-F307-4F1B-B051-DC0FA9D843EA}.PackageRelease|Any CPU.ActiveCfg = Release|Any CPU
		{E0BBBF85-F307-4F1B-B051-DC0FA9D843EA}.PackageRelease|Any CPU.Build.0 = Release|Any CPU
		{E0BBBF85-F307-4F1B-B051-DC0FA9D843EA}.PackageRelease|ARM.ActiveCfg = Release|Any CPU
		{E0BBBF85-F307-4F1B-B051-DC0FA9D843EA}.PackageRelease|ARM.Build.0 = Release|Any CPU
		{E0BBBF85-F307-4F1B-B051-DC0FA9D843EA}.PackageRelease|Mixed Platforms.ActiveCfg = PackageRelease|Any CPU
		{E0BBBF85-F307-4F1B-B051-DC0FA9D843EA}.PackageRelease|Mixed Platforms.Build.0 = PackageRelease|Any CPU
		{E0BBBF85-F307-4F1B-B051-DC0FA9D843EA}.PackageRelease|x64.ActiveCfg = Release|Any CPU
		{E0BBBF85-F307-4F1B-B051-DC0FA9D843EA}.PackageRelease|x64.Build.0 = Release|Any CPU
		{E0BBBF85-F307-4F1B-B051-DC0FA9D843EA}.PackageRelease|x86.ActiveCfg = Release|Any CPU
		{E0BBBF85-F307-4F1B-B051-DC0FA9D843EA}.PackageRelease|x86.Build.0 = Release|Any CPU
		{E0BBBF85-F307-4F1B-B051-DC0FA9D843EA}.Release|Any CPU.ActiveCfg = Release|Any CPU
		{E0BBBF85-F307-4F1B-B051-DC0FA9D843EA}.Release|Any CPU.Build.0 = Release|Any CPU
		{E0BBBF85-F307-4F1B-B051-DC0FA9D843EA}.Release|ARM.ActiveCfg = Release|Any CPU
		{E0BBBF85-F307-4F1B-B051-DC0FA9D843EA}.Release|ARM.Build.0 = Release|Any CPU
		{E0BBBF85-F307-4F1B-B051-DC0FA9D843EA}.Release|Mixed Platforms.ActiveCfg = Release|Any CPU
		{E0BBBF85-F307-4F1B-B051-DC0FA9D843EA}.Release|Mixed Platforms.Build.0 = Release|Any CPU
		{E0BBBF85-F307-4F1B-B051-DC0FA9D843EA}.Release|x64.ActiveCfg = Release|Any CPU
		{E0BBBF85-F307-4F1B-B051-DC0FA9D843EA}.Release|x64.Build.0 = Release|Any CPU
		{E0BBBF85-F307-4F1B-B051-DC0FA9D843EA}.Release|x86.ActiveCfg = Release|Any CPU
		{E0BBBF85-F307-4F1B-B051-DC0FA9D843EA}.Release|x86.Build.0 = Release|Any CPU
	EndGlobalSection
	GlobalSection(SolutionProperties) = preSolution
		HideSolutionNode = FALSE
	EndGlobalSection
	GlobalSection(NestedProjects) = preSolution
		{D3B06A06-101A-4366-9AAE-62CBD331226C} = {B90876EE-6D6A-4551-AF17-F59B44AA9872}
		{5EE29019-A346-4E4F-A031-D0D0A5C591AB} = {F0FC216E-3345-4D49-9D0C-386A5DBB2B75}
		{E0BBBF85-F307-4F1B-B051-DC0FA9D843EA} = {F0FC216E-3345-4D49-9D0C-386A5DBB2B75}
	EndGlobalSection
EndGlobal
